
Microsoft Visual Studio Solution File, Format Version 12.00
# Visual Studio 15
VisualStudioVersion = 15.0.28010.0
MinimumVisualStudioVersion = 10.0.40219.1
Project("{9A19103F-16F7-4668-BE54-9A1E7A4F7556}") = "Cart.Api", "CartApi\Cart.Api.csproj", "{5DDF8A7A-F9A8-4EBD-A27C-DC05B8F5C0D1}"
EndProject
Project("{9A19103F-16F7-4668-BE54-9A1E7A4F7556}") = "Cart.Domain", "Cart.Domain\Cart.Domain.csproj", "{09AAD3FE-3D34-4B94-8B27-BB6F8B0448D8}"
EndProject
Project("{9A19103F-16F7-4668-BE54-9A1E7A4F7556}") = "Cart.Data", "Cart.Data\Cart.Data.csproj", "{C94D4D58-0712-42FF-8699-2E7D622E198C}"
EndProject
Project("{9A19103F-16F7-4668-BE54-9A1E7A4F7556}") = "Cart.Repo", "Cart.Repo\Cart.Repo.csproj", "{D7EB25EA-D1F9-4A7D-88F8-C5D41BB79D86}"
EndProject
Project("{FAE04EC0-301F-11D3-BF4B-00C04F79EFBC}") = "Cart.Service", "Cart.Service\Cart.Service.csproj", "{95D9700D-F082-4B9B-876A-D024782373BF}"
EndProject
Global
	GlobalSection(SolutionConfigurationPlatforms) = preSolution
		Debug|Any CPU = Debug|Any CPU
		Release|Any CPU = Release|Any CPU
	EndGlobalSection
	GlobalSection(ProjectConfigurationPlatforms) = postSolution
		{5DDF8A7A-F9A8-4EBD-A27C-DC05B8F5C0D1}.Debug|Any CPU.ActiveCfg = Debug|Any CPU
		{5DDF8A7A-F9A8-4EBD-A27C-DC05B8F5C0D1}.Debug|Any CPU.Build.0 = Debug|Any CPU
		{5DDF8A7A-F9A8-4EBD-A27C-DC05B8F5C0D1}.Release|Any CPU.ActiveCfg = Release|Any CPU
		{5DDF8A7A-F9A8-4EBD-A27C-DC05B8F5C0D1}.Release|Any CPU.Build.0 = Release|Any CPU
		{09AAD3FE-3D34-4B94-8B27-BB6F8B0448D8}.Debug|Any CPU.ActiveCfg = Debug|Any CPU
		{09AAD3FE-3D34-4B94-8B27-BB6F8B0448D8}.Debug|Any CPU.Build.0 = Debug|Any CPU
		{09AAD3FE-3D34-4B94-8B27-BB6F8B0448D8}.Release|Any CPU.ActiveCfg = Release|Any CPU
		{09AAD3FE-3D34-4B94-8B27-BB6F8B0448D8}.Release|Any CPU.Build.0 = Release|Any CPU
		{C94D4D58-0712-42FF-8699-2E7D622E198C}.Debug|Any CPU.ActiveCfg = Debug|Any CPU
		{C94D4D58-0712-42FF-8699-2E7D622E198C}.Debug|Any CPU.Build.0 = Debug|Any CPU
		{C94D4D58-0712-42FF-8699-2E7D622E198C}.Release|Any CPU.ActiveCfg = Release|Any CPU
		{C94D4D58-0712-42FF-8699-2E7D622E198C}.Release|Any CPU.Build.0 = Release|Any CPU
		{D7EB25EA-D1F9-4A7D-88F8-C5D41BB79D86}.Debug|Any CPU.ActiveCfg = Debug|Any CPU
		{D7EB25EA-D1F9-4A7D-88F8-C5D41BB79D86}.Debug|Any CPU.Build.0 = Debug|Any CPU
		{D7EB25EA-D1F9-4A7D-88F8-C5D41BB79D86}.Release|Any CPU.ActiveCfg = Release|Any CPU
		{D7EB25EA-D1F9-4A7D-88F8-C5D41BB79D86}.Release|Any CPU.Build.0 = Release|Any CPU
		{95D9700D-F082-4B9B-876A-D024782373BF}.Debug|Any CPU.ActiveCfg = Debug|Any CPU
		{95D9700D-F082-4B9B-876A-D024782373BF}.Debug|Any CPU.Build.0 = Debug|Any CPU
		{95D9700D-F082-4B9B-876A-D024782373BF}.Release|Any CPU.ActiveCfg = Release|Any CPU
		{95D9700D-F082-4B9B-876A-D024782373BF}.Release|Any CPU.Build.0 = Release|Any CPU
	EndGlobalSection
	GlobalSection(SolutionProperties) = preSolution
		HideSolutionNode = FALSE
	EndGlobalSection
	GlobalSection(ExtensibilityGlobals) = postSolution
		SolutionGuid = {105D1F54-B26C-4DF5-9993-3F4DD5570D41}
	EndGlobalSection
EndGlobal
